
Microsoft Visual Studio Solution File, Format Version 12.00
# Visual Studio Version 17
VisualStudioVersion = 17.9.34723.18
MinimumVisualStudioVersion = 10.0.40219.1
Project("{FAE04EC0-301F-11D3-BF4B-00C04F79EFBC}") = "Asmin_CSharp101", "Asmin_CSharp101.csproj", "{CF59A479-C2FC-428F-A195-A55AC0AF700C}"
EndProject
Global
	GlobalSection(SolutionConfigurationPlatforms) = preSolution
		Debug|Any CPU = Debug|Any CPU
		Release|Any CPU = Release|Any CPU
	EndGlobalSection
	GlobalSection(ProjectConfigurationPlatforms) = postSolution
		{CF59A479-C2FC-428F-A195-A55AC0AF700C}.Debug|Any CPU.ActiveCfg = Debug|Any CPU
		{CF59A479-C2FC-428F-A195-A55AC0AF700C}.Debug|Any CPU.Build.0 = Debug|Any CPU
		{CF59A479-C2FC-428F-A195-A55AC0AF700C}.Release|Any CPU.ActiveCfg = Release|Any CPU
		{CF59A479-C2FC-428F-A195-A55AC0AF700C}.Release|Any CPU.Build.0 = Release|Any CPU
	EndGlobalSection
	GlobalSection(SolutionProperties) = preSolution
		HideSolutionNode = FALSE
	EndGlobalSection
	GlobalSection(ExtensibilityGlobals) = postSolution
		SolutionGuid = {DE398426-208F-464A-BCC5-34C2FA20D639}
	EndGlobalSection
EndGlobal
