
Microsoft Visual Studio Solution File, Format Version 12.00
# Visual Studio Version 17
VisualStudioVersion = 17.9.34723.18
MinimumVisualStudioVersion = 10.0.40219.1
Project("{FAE04EC0-301F-11D3-BF4B-00C04F79EFBC}") = "Employee", "Employee.csproj", "{1159CBE9-A7D3-4F99-AB06-7346E3863F9B}"
EndProject
Global
	GlobalSection(SolutionConfigurationPlatforms) = preSolution
		Debug|Any CPU = Debug|Any CPU
		Release|Any CPU = Release|Any CPU
	EndGlobalSection
	GlobalSection(ProjectConfigurationPlatforms) = postSolution
		{1159CBE9-A7D3-4F99-AB06-7346E3863F9B}.Debug|Any CPU.ActiveCfg = Debug|Any CPU
		{1159CBE9-A7D3-4F99-AB06-7346E3863F9B}.Debug|Any CPU.Build.0 = Debug|Any CPU
		{1159CBE9-A7D3-4F99-AB06-7346E3863F9B}.Release|Any CPU.ActiveCfg = Release|Any CPU
		{1159CBE9-A7D3-4F99-AB06-7346E3863F9B}.Release|Any CPU.Build.0 = Release|Any CPU
	EndGlobalSection
	GlobalSection(SolutionProperties) = preSolution
		HideSolutionNode = FALSE
	EndGlobalSection
	GlobalSection(ExtensibilityGlobals) = postSolution
		SolutionGuid = {E1429B88-BB55-4BBE-B501-0BD41D94F30D}
	EndGlobalSection
EndGlobal
